# THIS IS AN AUTOGENERATED FILE. DO NOT EDIT THIS FILE DIRECTLY.
# yarn lockfile v1


"@babel/runtime@^7.10.1", "@babel/runtime@^7.3.1":
  version "7.11.2"
  resolved "https://registry.yarnpkg.com/@babel/runtime/-/runtime-7.11.2.tgz#f549c13c754cc40b87644b9fa9f09a6a95fe0736"
  integrity sha512-TeWkU52so0mPtDcaCTxNBI/IHiz0pZgr8VEFqXFtZWpYD08ZB6FaSwVAS8MKRQAP3bYKiVjwysOJgMFY28o6Tw==
  dependencies:
    regenerator-runtime "^0.13.4"

html-parse-stringify2@2.0.1:
  version "2.0.1"
  resolved "https://registry.yarnpkg.com/html-parse-stringify2/-/html-parse-stringify2-2.0.1.tgz#dc5670b7292ca158b7bc916c9a6735ac8872834a"
  integrity sha1-3FZwtyksoVi3vJFsmmc1rIhyg0o=
  dependencies:
    void-elements "^2.0.1"

i18next-typescript@^0.0.1-rc2:
  version "0.0.1-rc2"
  resolved "https://registry.yarnpkg.com/i18next-typescript/-/i18next-typescript-0.0.1-rc2.tgz#40464fffe4c7db3a2bd4fb393188b70710bc0f69"
  integrity sha512-fG4gBRGhobSLkUscPd34sj5AgLQSyRGdekASDRkL4babIw/zSGgItz5AdF7RJjpX3Av5YxTZnXF1itdojNItsw==

i18next@^19.7.0:
  version "19.7.0"
  resolved "https://registry.yarnpkg.com/i18next/-/i18next-19.7.0.tgz#e637bbbf36481d34b7d5e6d3b04e1bb654bf2a26"
  integrity sha512-sxZhj6u7HbEYOMx81oGwq5MiXISRBVg2wRY3n6YIbe+HtU8ydzlGzv6ErHdrRKYxATBFssVXYbc3lNZoyB4vfA==
  dependencies:
    "@babel/runtime" "^7.10.1"

react-i18next@^11.7.3:
  version "11.7.3"
  resolved "https://registry.yarnpkg.com/react-i18next/-/react-i18next-11.7.3.tgz#256461c46baf5b3208c3c6860ca4e569fc7ed053"
  integrity sha512-7sYZqVZgdaS9Z0ZH6nuJFErCD0zz5wK3jR4/xCrWjZcxHHF3GRu7BXdicbSPprZV4ZYz7LJzxxMHO7dg5Qb70A==
  dependencies:
    "@babel/runtime" "^7.3.1"
    html-parse-stringify2 "2.0.1"

regenerator-runtime@^0.13.4:
  version "0.13.7"
  resolved "https://registry.yarnpkg.com/regenerator-runtime/-/regenerator-runtime-0.13.7.tgz#cac2dacc8a1ea675feaabaeb8ae833898ae46f55"
  integrity sha512-a54FxoJDIr27pgf7IgeQGxmqUNYrcV338lf/6gH456HZ/PhX+5BcwHXG9ajESmwe6WRO0tAzRUrRmNONWgkrew==

void-elements@^2.0.1:
  version "2.0.1"
  resolved "https://registry.yarnpkg.com/void-elements/-/void-elements-2.0.1.tgz#c066afb582bb1cb4128d60ea92392e94d5e9dbec"
  integrity sha1-wGavtYK7HLQSjWDqkjkulNXp2+w=
